
Microsoft Visual Studio Solution File, Format Version 12.00
# Visual Studio Version 17
VisualStudioVersion = 17.14.37012.4 d17.14
MinimumVisualStudioVersion = 10.0.40219.1
Project("{FAE04EC0-301F-11D3-BF4B-00C04F79EFBC}") = "AvaliacaoTecnica", "AvaliacaoTecnica.csproj", "{4BB177A2-BDDD-4FDD-9A5C-47C6DB75979A}"
EndProject
Global
	GlobalSection(SolutionConfigurationPlatforms) = preSolution
		Debug|Any CPU = Debug|Any CPU
		Release|Any CPU = Release|Any CPU
	EndGlobalSection
	GlobalSection(ProjectConfigurationPlatforms) = postSolution
		{4BB177A2-BDDD-4FDD-9A5C-47C6DB75979A}.Debug|Any CPU.ActiveCfg = Debug|Any CPU
		{4BB177A2-BDDD-4FDD-9A5C-47C6DB75979A}.Debug|Any CPU.Build.0 = Debug|Any CPU
		{4BB177A2-BDDD-4FDD-9A5C-47C6DB75979A}.Release|Any CPU.ActiveCfg = Release|Any CPU
		{4BB177A2-BDDD-4FDD-9A5C-47C6DB75979A}.Release|Any CPU.Build.0 = Release|Any CPU
	EndGlobalSection
	GlobalSection(SolutionProperties) = preSolution
		HideSolutionNode = FALSE
	EndGlobalSection
	GlobalSection(ExtensibilityGlobals) = postSolution
		SolutionGuid = {3DEAFC8E-35B8-4599-BB02-26AC6C036B58}
	EndGlobalSection
EndGlobal
